Microsoft Visual Studio Solution File, Format Version 12.00
# Visual Studio Version 17
VisualStudioVersion = 17.13.35828.75
MinimumVisualStudioVersion = 10.0.40219.1
Project("{FAE04EC0-301F-11D3-BF4B-00C04F79EFBC}") = "ScanApp", "ScanApp.csproj", "{7818C255-56E2-48C9-B2B0-193FC3AA7966}"
EndProject
Global
	GlobalSection(SolutionConfigurationPlatforms) = preSolution
		Debug|Any CPU = Debug|Any CPU
		Release|Any CPU = Release|Any CPU
	EndGlobalSection
	GlobalSection(ProjectConfigurationPlatforms) = postSolution
		{7818C255-56E2-48C9-B2B0-193FC3AA7966}.Debug|Any CPU.ActiveCfg = Debug|Any CPU
		{7818C255-56E2-48C9-B2B0-193FC3AA7966}.Debug|Any CPU.Build.0 = Debug|Any CPU
		{7818C255-56E2-48C9-B2B0-193FC3AA7966}.Release|Any CPU.ActiveCfg = Release|Any CPU
		{7818C255-56E2-48C9-B2B0-193FC3AA7966}.Release|Any CPU.Build.0 = Release|Any CPU
	EndGlobalSection
	GlobalSection(SolutionProperties) = preSolution
		HideSolutionNode = FALSE
	EndGlobalSection
	GlobalSection(ExtensibilityGlobals) = postSolution
		SolutionGuid = {04CADEA6-4721-4AE5-BB2F-B82D6024418A}
	EndGlobalSection
EndGlobal
